// !$*UTF8*$!
{
	archiveVersion = 1;
	classes = {
	};
	objectVersion = 56;
	objects = {

/* Begin PBXBuildFile section */
		05C3D1B4298BC4B4002B20D8 /* AppDelegate.swift in Sources */ = {isa = PBXBuildFile; fileRef = 05C3D1B3298BC4B4002B20D8 /* AppDelegate.swift */; };
		05C3D1B6298BC4B4002B20D8 /* SceneDelegate.swift in Sources */ = {isa = PBXBuildFile; fileRef = 05C3D1B5298BC4B4002B20D8 /* SceneDelegate.swift */; };
		05C3D1BD298BC4B5002B20D8 /* Assets.xcassets in Resources */ = {isa = PBXBuildFile; fileRef = 05C3D1BC298BC4B5002B20D8 /* Assets.xcassets */; };
		05C3D1C0298BC4B5002B20D8 /* LaunchScreen.storyboard in Resources */ = {isa = PBXBuildFile; fileRef = 05C3D1BE298BC4B5002B20D8 /* LaunchScreen.storyboard */; };
		05C3D1CB298BC4B5002B20D8 /* MainViewModelTests.swift in Sources */ = {isa = PBXBuildFile; fileRef = 05C3D1CA298BC4B5002B20D8 /* MainViewModelTests.swift */; };
		05C3D1E5298BC973002B20D8 /* Global.swift in Sources */ = {isa = PBXBuildFile; fileRef = 05C3D1E4298BC973002B20D8 /* Global.swift */; };
		05C3D1ED298BC9A7002B20D8 /* Reusable.swift in Sources */ = {isa = PBXBuildFile; fileRef = 05C3D1E7298BC9A7002B20D8 /* Reusable.swift */; };
		05C3D1EE298BC9A7002B20D8 /* ViewModel.swift in Sources */ = {isa = PBXBuildFile; fileRef = 05C3D1E8298BC9A7002B20D8 /* ViewModel.swift */; };
		05C3D2EE298D854C002B20D8 /* LoggedTime.swift in Sources */ = {isa = PBXBuildFile; fileRef = 05C3D2B6298BCD21002B20D8 /* LoggedTime.swift */; };
		05C3D1F1298BC9A7002B20D8 /* MainViewPresentation.swift in Sources */ = {isa = PBXBuildFile; fileRef = 05C3D1EB298BC9A7002B20D8 /* MainViewPresentation.swift */; };
		05C3D1F2298BC9A7002B20D8 /* Dequeueable.swift in Sources */ = {isa = PBXBuildFile; fileRef = 05C3D1EC298BC9A7002B20D8 /* Dequeueable.swift */; };
		05C3D1FD298BC9E7002B20D8 /* UITableView+EmptyState.swift in Sources */ = {isa = PBXBuildFile; fileRef = 05C3D1F6298BC9E7002B20D8 /* UITableView+EmptyState.swift */; };
		05C3D1FF298BC9E7002B20D8 /* DateFormatter+Standard.swift in Sources */ = {isa = PBXBuildFile; fileRef = 05C3D1F8298BC9E7002B20D8 /* DateFormatter+Standard.swift */; };
		05C3D200298BC9E7002B20D8 /* UIView+Layout.swift in Sources */ = {isa = PBXBuildFile; fileRef = 05C3D1F9298BC9E7002B20D8 /* UIView+Layout.swift */; };
		05C3D21F298BCA31002B20D8 /* EmptyStateView.swift in Sources */ = {isa = PBXBuildFile; fileRef = 05C3D208298BCA31002B20D8 /* EmptyStateView.swift */; };
		05C3D222298BCA31002B20D8 /* TableCell.swift in Sources */ = {isa = PBXBuildFile; fileRef = 05C3D20E298BCA31002B20D8 /* TableCell.swift */; };
		05C3D223298BCA31002B20D8 /* TitledComponentView.swift in Sources */ = {isa = PBXBuildFile; fileRef = 05C3D210298BCA31002B20D8 /* TitledComponentView.swift */; };
		05C3D224298BCA31002B20D8 /* TitledLabelView.swift in Sources */ = {isa = PBXBuildFile; fileRef = 05C3D211298BCA31002B20D8 /* TitledLabelView.swift */; };
		05C3D291298BCA92002B20D8 /* MainViewController.swift in Sources */ = {isa = PBXBuildFile; fileRef = 05C3D255298BCA92002B20D8 /* MainViewController.swift */; };
		05C3D292298BCA92002B20D8 /* MainViewModel.swift in Sources */ = {isa = PBXBuildFile; fileRef = 05C3D257298BCA92002B20D8 /* MainViewModel.swift */; };
		05C3D2BE298BE8DF002B20D8 /* LoggedTimeStore.swift in Sources */ = {isa = PBXBuildFile; fileRef = 05C3D2BD298BE8DF002B20D8 /* LoggedTimeStore.swift */; };
		05C3D2C0298C21A7002B20D8 /* MarginedView.swift in Sources */ = {isa = PBXBuildFile; fileRef = 05C3D2BF298C21A7002B20D8 /* MarginedView.swift */; };
		05C3D2C4298C3C76002B20D8 /* LogEntryView.swift in Sources */ = {isa = PBXBuildFile; fileRef = 05C3D2C3298C3C76002B20D8 /* LogEntryView.swift */; };
		05C3D2CC298C51C2002B20D8 /* TimerContext.swift in Sources */ = {isa = PBXBuildFile; fileRef = 05C3D2CB298C51C2002B20D8 /* TimerContext.swift */; };
		05C3D2CE298CFA56002B20D8 /* AccessoriedMarginedView.swift in Sources */ = {isa = PBXBuildFile; fileRef = 05C3D2CD298CFA56002B20D8 /* AccessoriedMarginedView.swift */; };
		05C3D2D0298CFDB5002B20D8 /* DeleteButtonAccessory.swift in Sources */ = {isa = PBXBuildFile; fileRef = 05C3D2CF298CFDB5002B20D8 /* DeleteButtonAccessory.swift */; };
		05C3D2D2298D0C91002B20D8 /* Int+Date.swift in Sources */ = {isa = PBXBuildFile; fileRef = 05C3D2D1298D0C91002B20D8 /* Int+Date.swift */; };
		05C3D2D4298D0DF2002B20D8 /* IntDateExtensionTests.swift in Sources */ = {isa = PBXBuildFile; fileRef = 05C3D2D3298D0DF2002B20D8 /* IntDateExtensionTests.swift */; };
		05C3D2D6298D442E002B20D8 /* UserDefaultsLoggedTimeStore.swift in Sources */ = {isa = PBXBuildFile; fileRef = 05C3D2D5298D442E002B20D8 /* UserDefaultsLoggedTimeStore.swift */; };
		05C3D2E0298D4701002B20D8 /* TextFieldView.swift in Sources */ = {isa = PBXBuildFile; fileRef = 05C3D2DF298D4701002B20D8 /* TextFieldView.swift */; };
		05C3D2E2298D477C002B20D8 /* UIViewController+Alert.swift in Sources */ = {isa = PBXBuildFile; fileRef = 05C3D2E1298D477C002B20D8 /* UIViewController+Alert.swift */; };
		05C3D2E4298D4F96002B20D8 /* OneSecondPulseTimerContext.swift in Sources */ = {isa = PBXBuildFile; fileRef = 05C3D2E3298D4F96002B20D8 /* OneSecondPulseTimerContext.swift */; };
/* End PBXBuildFile section */

/* Begin PBXContainerItemProxy section */
		05C3D1C7298BC4B5002B20D8 /* PBXContainerItemProxy */ = {
			isa = PBXContainerItemProxy;
			containerPortal = 05C3D1A8298BC4B4002B20D8 /* Project object */;
			proxyType = 1;
			remoteGlobalIDString = 05C3D1AF298BC4B4002B20D8;
			remoteInfo = TimeTracker;
		};
/* End PBXContainerItemProxy section */

/* Begin PBXFileReference section */
		05C3D1B0298BC4B4002B20D8 /* TimeTracker.app */ = {isa = PBXFileReference; explicitFileType = wrapper.application; includeInIndex = 0; path = TimeTracker.app; sourceTree = BUILT_PRODUCTS_DIR; };
		05C3D1B3298BC4B4002B20D8 /* AppDelegate.swift */ = {isa = PBXFileReference; lastKnownFileType = sourcecode.swift; path = AppDelegate.swift; sourceTree = "<group>"; };
		05C3D1B5298BC4B4002B20D8 /* SceneDelegate.swift */ = {isa = PBXFileReference; lastKnownFileType = sourcecode.swift; path = SceneDelegate.swift; sourceTree = "<group>"; };
		05C3D1BC298BC4B5002B20D8 /* Assets.xcassets */ = {isa = PBXFileReference; lastKnownFileType = folder.assetcatalog; path = Assets.xcassets; sourceTree = "<group>"; };
		05C3D1BF298BC4B5002B20D8 /* Base */ = {isa = PBXFileReference; lastKnownFileType = file.storyboard; name = Base; path = Base.lproj/LaunchScreen.storyboard; sourceTree = "<group>"; };
		05C3D1C1298BC4B5002B20D8 /* Info.plist */ = {isa = PBXFileReference; lastKnownFileType = text.plist.xml; path = Info.plist; sourceTree = "<group>"; };
		05C3D1C6298BC4B5002B20D8 /* TimeTrackerTests.xctest */ = {isa = PBXFileReference; explicitFileType = wrapper.cfbundle; includeInIndex = 0; path = TimeTrackerTests.xctest; sourceTree = BUILT_PRODUCTS_DIR; };
		05C3D1CA298BC4B5002B20D8 /* MainViewModelTests.swift */ = {isa = PBXFileReference; lastKnownFileType = sourcecode.swift; path = MainViewModelTests.swift; sourceTree = "<group>"; };
		05C3D1E4298BC973002B20D8 /* Global.swift */ = {isa = PBXFileReference; lastKnownFileType = sourcecode.swift; path = Global.swift; sourceTree = "<group>"; };
		05C3D1E7298BC9A7002B20D8 /* Reusable.swift */ = {isa = PBXFileReference; fileEncoding = 4; lastKnownFileType = sourcecode.swift; path = Reusable.swift; sourceTree = "<group>"; };
		05C3D1E8298BC9A7002B20D8 /* ViewModel.swift */ = {isa = PBXFileReference; fileEncoding = 4; lastKnownFileType = sourcecode.swift; path = ViewModel.swift; sourceTree = "<group>"; };
		05C3D1EB298BC9A7002B20D8 /* MainViewPresentation.swift */ = {isa = PBXFileReference; fileEncoding = 4; lastKnownFileType = sourcecode.swift; path = MainViewPresentation.swift; sourceTree = "<group>"; };
		05C3D1EC298BC9A7002B20D8 /* Dequeueable.swift */ = {isa = PBXFileReference; fileEncoding = 4; lastKnownFileType = sourcecode.swift; path = Dequeueable.swift; sourceTree = "<group>"; };
		05C3D1F6298BC9E7002B20D8 /* UITableView+EmptyState.swift */ = {isa = PBXFileReference; fileEncoding = 4; lastKnownFileType = sourcecode.swift; path = "UITableView+EmptyState.swift"; sourceTree = "<group>"; };
		05C3D1F8298BC9E7002B20D8 /* DateFormatter+Standard.swift */ = {isa = PBXFileReference; fileEncoding = 4; lastKnownFileType = sourcecode.swift; path = "DateFormatter+Standard.swift"; sourceTree = "<group>"; };
		05C3D1F9298BC9E7002B20D8 /* UIView+Layout.swift */ = {isa = PBXFileReference; fileEncoding = 4; lastKnownFileType = sourcecode.swift; path = "UIView+Layout.swift"; sourceTree = "<group>"; };
		05C3D208298BCA31002B20D8 /* EmptyStateView.swift */ = {isa = PBXFileReference; fileEncoding = 4; lastKnownFileType = sourcecode.swift; path = EmptyStateView.swift; sourceTree = "<group>"; };
		05C3D20E298BCA31002B20D8 /* TableCell.swift */ = {isa = PBXFileReference; fileEncoding = 4; lastKnownFileType = sourcecode.swift; path = TableCell.swift; sourceTree = "<group>"; };
		05C3D210298BCA31002B20D8 /* TitledComponentView.swift */ = {isa = PBXFileReference; fileEncoding = 4; lastKnownFileType = sourcecode.swift; path = TitledComponentView.swift; sourceTree = "<group>"; };
		05C3D211298BCA31002B20D8 /* TitledLabelView.swift */ = {isa = PBXFileReference; fileEncoding = 4; lastKnownFileType = sourcecode.swift; path = TitledLabelView.swift; sourceTree = "<group>"; };
		05C3D255298BCA92002B20D8 /* MainViewController.swift */ = {isa = PBXFileReference; fileEncoding = 4; lastKnownFileType = sourcecode.swift; path = MainViewController.swift; sourceTree = "<group>"; };
		05C3D257298BCA92002B20D8 /* MainViewModel.swift */ = {isa = PBXFileReference; fileEncoding = 4; lastKnownFileType = sourcecode.swift; path = MainViewModel.swift; sourceTree = "<group>"; };
		05C3D2B6298BCD21002B20D8 /* LoggedTime.swift */ = {isa = PBXFileReference; lastKnownFileType = sourcecode.swift; path = LoggedTime.swift; sourceTree = "<group>"; };
		05C3D2BD298BE8DF002B20D8 /* LoggedTimeStore.swift */ = {isa = PBXFileReference; lastKnownFileType = sourcecode.swift; path = LoggedTimeStore.swift; sourceTree = "<group>"; };
		05C3D2BF298C21A7002B20D8 /* MarginedView.swift */ = {isa = PBXFileReference; fileEncoding = 4; lastKnownFileType = sourcecode.swift; path = MarginedView.swift; sourceTree = "<group>"; };
		05C3D2C3298C3C76002B20D8 /* LogEntryView.swift */ = {isa = PBXFileReference; lastKnownFileType = sourcecode.swift; path = LogEntryView.swift; sourceTree = "<group>"; };
		05C3D2CB298C51C2002B20D8 /* TimerContext.swift */ = {isa = PBXFileReference; lastKnownFileType = sourcecode.swift; path = TimerContext.swift; sourceTree = "<group>"; };
		05C3D2CD298CFA56002B20D8 /* AccessoriedMarginedView.swift */ = {isa = PBXFileReference; lastKnownFileType = sourcecode.swift; path = AccessoriedMarginedView.swift; sourceTree = "<group>"; };
		05C3D2CF298CFDB5002B20D8 /* DeleteButtonAccessory.swift */ = {isa = PBXFileReference; lastKnownFileType = sourcecode.swift; path = DeleteButtonAccessory.swift; sourceTree = "<group>"; };
		05C3D2D1298D0C91002B20D8 /* Int+Date.swift */ = {isa = PBXFileReference; lastKnownFileType = sourcecode.swift; path = "Int+Date.swift"; sourceTree = "<group>"; };
		05C3D2D3298D0DF2002B20D8 /* IntDateExtensionTests.swift */ = {isa = PBXFileReference; lastKnownFileType = sourcecode.swift; path = IntDateExtensionTests.swift; sourceTree = "<group>"; };
		05C3D2D5298D442E002B20D8 /* UserDefaultsLoggedTimeStore.swift */ = {isa = PBXFileReference; lastKnownFileType = sourcecode.swift; path = UserDefaultsLoggedTimeStore.swift; sourceTree = "<group>"; };
		05C3D2DF298D4701002B20D8 /* TextFieldView.swift */ = {isa = PBXFileReference; fileEncoding = 4; lastKnownFileType = sourcecode.swift; path = TextFieldView.swift; sourceTree = "<group>"; };
		05C3D2E1298D477C002B20D8 /* UIViewController+Alert.swift */ = {isa = PBXFileReference; fileEncoding = 4; lastKnownFileType = sourcecode.swift; path = "UIViewController+Alert.swift"; sourceTree = "<group>"; };
		05C3D2E3298D4F96002B20D8 /* OneSecondPulseTimerContext.swift */ = {isa = PBXFileReference; fileEncoding = 4; lastKnownFileType = sourcecode.swift; path = OneSecondPulseTimerContext.swift; sourceTree = "<group>"; };
/* End PBXFileReference section */

/* Begin PBXFrameworksBuildPhase section */
		05C3D1AD298BC4B4002B20D8 /* Frameworks */ = {
			isa = PBXFrameworksBuildPhase;
			buildActionMask = 2147483647;
			files = (
			);
			runOnlyForDeploymentPostprocessing = 0;
		};
		05C3D1C3298BC4B5002B20D8 /* Frameworks */ = {
			isa = PBXFrameworksBuildPhase;
			buildActionMask = 2147483647;
			files = (
			);
			runOnlyForDeploymentPostprocessing = 0;
		};
/* End PBXFrameworksBuildPhase section */

/* Begin PBXGroup section */
		05C3D1A7298BC4B4002B20D8 = {
			isa = PBXGroup;
			children = (
				05C3D1B2298BC4B4002B20D8 /* TimeTracker */,
				05C3D1C9298BC4B5002B20D8 /* TimeTrackerTests */,
				05C3D1B1298BC4B4002B20D8 /* Products */,
			);
			sourceTree = "<group>";
		};
		05C3D1B1298BC4B4002B20D8 /* Products */ = {
			isa = PBXGroup;
			children = (
				05C3D1B0298BC4B4002B20D8 /* TimeTracker.app */,
				05C3D1C6298BC4B5002B20D8 /* TimeTrackerTests.xctest */,
			);
			name = Products;
			sourceTree = "<group>";
		};
		05C3D1B2298BC4B4002B20D8 /* TimeTracker */ = {
			isa = PBXGroup;
			children = (
				05C3D1B3298BC4B4002B20D8 /* AppDelegate.swift */,
				05C3D1E4298BC973002B20D8 /* Global.swift */,
				05C3D1B5298BC4B4002B20D8 /* SceneDelegate.swift */,
				05C3D1E6298BC9A7002B20D8 /* Base */,
				05C3D1F3298BC9E7002B20D8 /* Extensions */,
				05C3D2BC298BE8CF002B20D8 /* Managers */,
				05C3D2B5298BCD0F002B20D8 /* Models */,
				05C3D202298BCA31002B20D8 /* Reusable */,
				05C3D22C298BCA92002B20D8 /* Scenes */,
				05C3D1BC298BC4B5002B20D8 /* Assets.xcassets */,
				05C3D1BE298BC4B5002B20D8 /* LaunchScreen.storyboard */,
				05C3D1C1298BC4B5002B20D8 /* Info.plist */,
			);
			path = TimeTracker;
			sourceTree = "<group>";
		};
		05C3D1C9298BC4B5002B20D8 /* TimeTrackerTests */ = {
			isa = PBXGroup;
			children = (
				05C3D1CA298BC4B5002B20D8 /* MainViewModelTests.swift */,
				05C3D2D3298D0DF2002B20D8 /* IntDateExtensionTests.swift */,
			);
			path = TimeTrackerTests;
			sourceTree = "<group>";
		};
		05C3D1E6298BC9A7002B20D8 /* Base */ = {
			isa = PBXGroup;
			children = (
				05C3D1EC298BC9A7002B20D8 /* Dequeueable.swift */,
				05C3D1E7298BC9A7002B20D8 /* Reusable.swift */,
				05C3D1E8298BC9A7002B20D8 /* ViewModel.swift */,
			);
			path = Base;
			sourceTree = "<group>";
		};
		05C3D1F3298BC9E7002B20D8 /* Extensions */ = {
			isa = PBXGroup;
			children = (
				05C3D1F8298BC9E7002B20D8 /* DateFormatter+Standard.swift */,
				05C3D2D1298D0C91002B20D8 /* Int+Date.swift */,
				05C3D1F6298BC9E7002B20D8 /* UITableView+EmptyState.swift */,
				05C3D2E1298D477C002B20D8 /* UIViewController+Alert.swift */,
				05C3D1F9298BC9E7002B20D8 /* UIView+Layout.swift */,
			);
			path = Extensions;
			sourceTree = "<group>";
		};
		05C3D202298BCA31002B20D8 /* Reusable */ = {
			isa = PBXGroup;
			children = (
				05C3D2D7298D464F002B20D8 /* Containers */,
				05C3D2DC298D4695002B20D8 /* DeleteButtonAccessory */,
				05C3D2D8298D4656002B20D8 /* EmptyStateView */,
				05C3D2DD298D469D002B20D8 /* LogEntryView */,
				05C3D2D9298D465D002B20D8 /* TableCell */,
				05C3D2DE298D46FA002B20D8 /* TextFieldView */,
				05C3D2DB298D468E002B20D8 /* TitledLabelView */,
			);
			path = Reusable;
			sourceTree = "<group>";
		};
		05C3D22C298BCA92002B20D8 /* Scenes */ = {
			isa = PBXGroup;
			children = (
				05C3D255298BCA92002B20D8 /* MainViewController.swift */,
				05C3D257298BCA92002B20D8 /* MainViewModel.swift */,
				05C3D1EB298BC9A7002B20D8 /* MainViewPresentation.swift */,
			);
			path = Scenes;
			sourceTree = "<group>";
		};
		05C3D2B5298BCD0F002B20D8 /* Models */ = {
			isa = PBXGroup;
			children = (
				05C3D2B6298BCD21002B20D8 /* LoggedTime.swift */,
			);
			path = Models;
			sourceTree = "<group>";
		};
		05C3D2BC298BE8CF002B20D8 /* Managers */ = {
			isa = PBXGroup;
			children = (
				05C3D2BD298BE8DF002B20D8 /* LoggedTimeStore.swift */,
				05C3D2E3298D4F96002B20D8 /* OneSecondPulseTimerContext.swift */,
				05C3D2CB298C51C2002B20D8 /* TimerContext.swift */,
				05C3D2D5298D442E002B20D8 /* UserDefaultsLoggedTimeStore.swift */,
			);
			path = Managers;
			sourceTree = "<group>";
		};
		05C3D2D7298D464F002B20D8 /* Containers */ = {
			isa = PBXGroup;
			children = (
				05C3D2CD298CFA56002B20D8 /* AccessoriedMarginedView.swift */,
				05C3D210298BCA31002B20D8 /* TitledComponentView.swift */,
				05C3D2BF298C21A7002B20D8 /* MarginedView.swift */,
			);
			path = Containers;
			sourceTree = "<group>";
		};
		05C3D2D8298D4656002B20D8 /* EmptyStateView */ = {
			isa = PBXGroup;
			children = (
				05C3D208298BCA31002B20D8 /* EmptyStateView.swift */,
			);
			path = EmptyStateView;
			sourceTree = "<group>";
		};
		05C3D2D9298D465D002B20D8 /* TableCell */ = {
			isa = PBXGroup;
			children = (
				05C3D20E298BCA31002B20D8 /* TableCell.swift */,
			);
			path = TableCell;
			sourceTree = "<group>";
		};
		05C3D2DB298D468E002B20D8 /* TitledLabelView */ = {
			isa = PBXGroup;
			children = (
				05C3D211298BCA31002B20D8 /* TitledLabelView.swift */,
			);
			path = TitledLabelView;
			sourceTree = "<group>";
		};
		05C3D2DC298D4695002B20D8 /* DeleteButtonAccessory */ = {
			isa = PBXGroup;
			children = (
				05C3D2CF298CFDB5002B20D8 /* DeleteButtonAccessory.swift */,
			);
			path = DeleteButtonAccessory;
			sourceTree = "<group>";
		};
		05C3D2DD298D469D002B20D8 /* LogEntryView */ = {
			isa = PBXGroup;
			children = (
				05C3D2C3298C3C76002B20D8 /* LogEntryView.swift */,
			);
			path = LogEntryView;
			sourceTree = "<group>";
		};
		05C3D2DE298D46FA002B20D8 /* TextFieldView */ = {
			isa = PBXGroup;
			children = (
				05C3D2DF298D4701002B20D8 /* TextFieldView.swift */,
			);
			path = TextFieldView;
			sourceTree = "<group>";
		};
/* End PBXGroup section */

/* Begin PBXNativeTarget section */
		05C3D1AF298BC4B4002B20D8 /* TimeTracker */ = {
			isa = PBXNativeTarget;
			buildConfigurationList = 05C3D1DA298BC4B5002B20D8 /* Build configuration list for PBXNativeTarget "TimeTracker" */;
			buildPhases = (
				05C3D1AC298BC4B4002B20D8 /* Sources */,
				05C3D1AD298BC4B4002B20D8 /* Frameworks */,
				05C3D1AE298BC4B4002B20D8 /* Resources */,
			);
			buildRules = (
			);
			dependencies = (
			);
			name = TimeTracker;
			productName = TimeTracker;
			productReference = 05C3D1B0298BC4B4002B20D8 /* TimeTracker.app */;
			productType = "com.apple.product-type.application";
		};
		05C3D1C5298BC4B5002B20D8 /* TimeTrackerTests */ = {
			isa = PBXNativeTarget;
			buildConfigurationList = 05C3D1DD298BC4B5002B20D8 /* Build configuration list for PBXNativeTarget "TimeTrackerTests" */;
			buildPhases = (
				05C3D1C2298BC4B5002B20D8 /* Sources */,
				05C3D1C3298BC4B5002B20D8 /* Frameworks */,
				05C3D1C4298BC4B5002B20D8 /* Resources */,
			);
			buildRules = (
			);
			dependencies = (
				05C3D1C8298BC4B5002B20D8 /* PBXTargetDependency */,
			);
			name = TimeTrackerTests;
			productName = TimeTrackerTests;
			productReference = 05C3D1C6298BC4B5002B20D8 /* TimeTrackerTests.xctest */;
			productType = "com.apple.product-type.bundle.unit-test";
		};
/* End PBXNativeTarget section */

/* Begin PBXProject section */
		05C3D1A8298BC4B4002B20D8 /* Project object */ = {
			isa = PBXProject;
			attributes = {
				BuildIndependentTargetsInParallel = 1;
				LastSwiftUpdateCheck = 1410;
				LastUpgradeCheck = 1410;
				TargetAttributes = {
					05C3D1AF298BC4B4002B20D8 = {
						CreatedOnToolsVersion = 14.1;
					};
					05C3D1C5298BC4B5002B20D8 = {
						CreatedOnToolsVersion = 14.1;
						TestTargetID = 05C3D1AF298BC4B4002B20D8;
					};
				};
			};
			buildConfigurationList = 05C3D1AB298BC4B4002B20D8 /* Build configuration list for PBXProject "TimeTracker" */;
			compatibilityVersion = "Xcode 14.0";
			developmentRegion = en;
			hasScannedForEncodings = 0;
			knownRegions = (
				en,
				Base,
			);
			mainGroup = 05C3D1A7298BC4B4002B20D8;
			productRefGroup = 05C3D1B1298BC4B4002B20D8 /* Products */;
			projectDirPath = "";
			projectRoot = "";
			targets = (
				05C3D1AF298BC4B4002B20D8 /* TimeTracker */,
				05C3D1C5298BC4B5002B20D8 /* TimeTrackerTests */,
			);
		};
/* End PBXProject section */

/* Begin PBXResourcesBuildPhase section */
		05C3D1AE298BC4B4002B20D8 /* Resources */ = {
			isa = PBXResourcesBuildPhase;
			buildActionMask = 2147483647;
			files = (
				05C3D1C0298BC4B5002B20D8 /* LaunchScreen.storyboard in Resources */,
				05C3D1BD298BC4B5002B20D8 /* Assets.xcassets in Resources */,
			);
			runOnlyForDeploymentPostprocessing = 0;
		};
		05C3D1C4298BC4B5002B20D8 /* Resources */ = {
			isa = PBXResourcesBuildPhase;
			buildActionMask = 2147483647;
			files = (
			);
			runOnlyForDeploymentPostprocessing = 0;
		};
/* End PBXResourcesBuildPhase section */

/* Begin PBXSourcesBuildPhase section */
		05C3D1AC298BC4B4002B20D8 /* Sources */ = {
			isa = PBXSourcesBuildPhase;
			buildActionMask = 2147483647;
			files = (
				05C3D2EE298D854C002B20D8 /* LoggedTime.swift in Sources */,
				05C3D200298BC9E7002B20D8 /* UIView+Layout.swift in Sources */,
				05C3D1E5298BC973002B20D8 /* Global.swift in Sources */,
				05C3D21F298BCA31002B20D8 /* EmptyStateView.swift in Sources */,
				05C3D224298BCA31002B20D8 /* TitledLabelView.swift in Sources */,
				05C3D2C4298C3C76002B20D8 /* LogEntryView.swift in Sources */,
				05C3D1FD298BC9E7002B20D8 /* UITableView+EmptyState.swift in Sources */,
				05C3D291298BCA92002B20D8 /* MainViewController.swift in Sources */,
				05C3D2D6298D442E002B20D8 /* UserDefaultsLoggedTimeStore.swift in Sources */,
				05C3D1FF298BC9E7002B20D8 /* DateFormatter+Standard.swift in Sources */,
				05C3D1B4298BC4B4002B20D8 /* AppDelegate.swift in Sources */,
				05C3D223298BCA31002B20D8 /* TitledComponentView.swift in Sources */,
				05C3D2BE298BE8DF002B20D8 /* LoggedTimeStore.swift in Sources */,
				05C3D2D2298D0C91002B20D8 /* Int+Date.swift in Sources */,
				05C3D1B6298BC4B4002B20D8 /* SceneDelegate.swift in Sources */,
				05C3D2CE298CFA56002B20D8 /* AccessoriedMarginedView.swift in Sources */,
				05C3D2CC298C51C2002B20D8 /* TimerContext.swift in Sources */,
				05C3D2E0298D4701002B20D8 /* TextFieldView.swift in Sources */,
				05C3D1EE298BC9A7002B20D8 /* ViewModel.swift in Sources */,
				05C3D2E2298D477C002B20D8 /* UIViewController+Alert.swift in Sources */,
				05C3D2D0298CFDB5002B20D8 /* DeleteButtonAccessory.swift in Sources */,
				05C3D2E4298D4F96002B20D8 /* OneSecondPulseTimerContext.swift in Sources */,
				05C3D1F2298BC9A7002B20D8 /* Dequeueable.swift in Sources */,
				05C3D1ED298BC9A7002B20D8 /* Reusable.swift in Sources */,
				05C3D222298BCA31002B20D8 /* TableCell.swift in Sources */,
				05C3D2C0298C21A7002B20D8 /* MarginedView.swift in Sources */,
				05C3D292298BCA92002B20D8 /* MainViewModel.swift in Sources */,
				05C3D1F1298BC9A7002B20D8 /* MainViewPresentation.swift in Sources */,
			);
			runOnlyForDeploymentPostprocessing = 0;
		};
		05C3D1C2298BC4B5002B20D8 /* Sources */ = {
			isa = PBXSourcesBuildPhase;
			buildActionMask = 2147483647;
			files = (
				05C3D1CB298BC4B5002B20D8 /* MainViewModelTests.swift in Sources */,
				05C3D2D4298D0DF2002B20D8 /* IntDateExtensionTests.swift in Sources */,
			);
			runOnlyForDeploymentPostprocessing = 0;
		};
/* End PBXSourcesBuildPhase section */

/* Begin PBXTargetDependency section */
		05C3D1C8298BC4B5002B20D8 /* PBXTargetDependency */ = {
			isa = PBXTargetDependency;
			target = 05C3D1AF298BC4B4002B20D8 /* TimeTracker */;
			targetProxy = 05C3D1C7298BC4B5002B20D8 /* PBXContainerItemProxy */;
		};
/* End PBXTargetDependency section */

/* Begin PBXVariantGroup section */
		05C3D1BE298BC4B5002B20D8 /* LaunchScreen.storyboard */ = {
			isa = PBXVariantGroup;
			children = (
				05C3D1BF298BC4B5002B20D8 /* Base */,
			);
			name = LaunchScreen.storyboard;
			sourceTree = "<group>";
		};
/* End PBXVariantGroup section */

/* Begin XCBuildConfiguration section */
		05C3D1D8298BC4B5002B20D8 /* Debug */ = {
			isa = XCBuildConfiguration;
			buildSettings = {
				ALWAYS_SEARCH_USER_PATHS = NO;
				CLANG_ANALYZER_NONNULL = YES;
				CLANG_ANALYZER_NUMBER_OBJECT_CONVERSION = YES_AGGRESSIVE;
				CLANG_CXX_LANGUAGE_STANDARD = "gnu++20";
				CLANG_ENABLE_MODULES = YES;
				CLANG_ENABLE_OBJC_ARC = YES;
				CLANG_ENABLE_OBJC_WEAK = YES;
				CLANG_WARN_BLOCK_CAPTURE_AUTORELEASING = YES;
				CLANG_WARN_BOOL_CONVERSION = YES;
				CLANG_WARN_COMMA = YES;
				CLANG_WARN_CONSTANT_CONVERSION = YES;
				CLANG_WARN_DEPRECATED_OBJC_IMPLEMENTATIONS = YES;
				CLANG_WARN_DIRECT_OBJC_ISA_USAGE = YES_ERROR;
				CLANG_WARN_DOCUMENTATION_COMMENTS = YES;
				CLANG_WARN_EMPTY_BODY = YES;
				CLANG_WARN_ENUM_CONVERSION = YES;
				CLANG_WARN_INFINITE_RECURSION = YES;
				CLANG_WARN_INT_CONVERSION = YES;
				CLANG_WARN_NON_LITERAL_NULL_CONVERSION = YES;
				CLANG_WARN_OBJC_IMPLICIT_RETAIN_SELF = YES;
				CLANG_WARN_OBJC_LITERAL_CONVERSION = YES;
				CLANG_WARN_OBJC_ROOT_CLASS = YES_ERROR;
				CLANG_WARN_QUOTED_INCLUDE_IN_FRAMEWORK_HEADER = YES;
				CLANG_WARN_RANGE_LOOP_ANALYSIS = YES;
				CLANG_WARN_STRICT_PROTOTYPES = YES;
				CLANG_WARN_SUSPICIOUS_MOVE = YES;
				CLANG_WARN_UNGUARDED_AVAILABILITY = YES_AGGRESSIVE;
				CLANG_WARN_UNREACHABLE_CODE = YES;
				CLANG_WARN__DUPLICATE_METHOD_MATCH = YES;
				COPY_PHASE_STRIP = NO;
				DEBUG_INFORMATION_FORMAT = dwarf;
				ENABLE_STRICT_OBJC_MSGSEND = YES;
				ENABLE_TESTABILITY = YES;
				GCC_C_LANGUAGE_STANDARD = gnu11;
				GCC_DYNAMIC_NO_PIC = NO;
				GCC_NO_COMMON_BLOCKS = YES;
				GCC_OPTIMIZATION_LEVEL = 0;
				GCC_PREPROCESSOR_DEFINITIONS = (
					"DEBUG=1",
					"$(inherited)",
				);
				GCC_WARN_64_TO_32_BIT_CONVERSION = YES;
				GCC_WARN_ABOUT_RETURN_TYPE = YES_ERROR;
				GCC_WARN_UNDECLARED_SELECTOR = YES;
				GCC_WARN_UNINITIALIZED_AUTOS = YES_AGGRESSIVE;
				GCC_WARN_UNUSED_FUNCTION = YES;
				GCC_WARN_UNUSED_VARIABLE = YES;
				IPHONEOS_DEPLOYMENT_TARGET = 16.1;
				MTL_ENABLE_DEBUG_INFO = INCLUDE_SOURCE;
				MTL_FAST_MATH = YES;
				ONLY_ACTIVE_ARCH = YES;
				SDKROOT = iphoneos;
				SWIFT_ACTIVE_COMPILATION_CONDITIONS = DEBUG;
				SWIFT_OPTIMIZATION_LEVEL = "-Onone";
			};
			name = Debug;
		};
		05C3D1D9298BC4B5002B20D8 /* Release */ = {
			isa = XCBuildConfiguration;
			buildSettings = {
				ALWAYS_SEARCH_USER_PATHS = NO;
				CLANG_ANALYZER_NONNULL = YES;
				CLANG_ANALYZER_NUMBER_OBJECT_CONVERSION = YES_AGGRESSIVE;
				CLANG_CXX_LANGUAGE_STANDARD = "gnu++20";
				CLANG_ENABLE_MODULES = YES;
				CLANG_ENABLE_OBJC_ARC = YES;
				CLANG_ENABLE_OBJC_WEAK = YES;
				CLANG_WARN_BLOCK_CAPTURE_AUTORELEASING = YES;
				CLANG_WARN_BOOL_CONVERSION = YES;
				CLANG_WARN_COMMA = YES;
				CLANG_WARN_CONSTANT_CONVERSION = YES;
				CLANG_WARN_DEPRECATED_OBJC_IMPLEMENTATIONS = YES;
				CLANG_WARN_DIRECT_OBJC_ISA_USAGE = YES_ERROR;
				CLANG_WARN_DOCUMENTATION_COMMENTS = YES;
				CLANG_WARN_EMPTY_BODY = YES;
				CLANG_WARN_ENUM_CONVERSION = YES;
				CLANG_WARN_INFINITE_RECURSION = YES;
				CLANG_WARN_INT_CONVERSION = YES;
				CLANG_WARN_NON_LITERAL_NULL_CONVERSION = YES;
				CLANG_WARN_OBJC_IMPLICIT_RETAIN_SELF = YES;
				CLANG_WARN_OBJC_LITERAL_CONVERSION = YES;
				CLANG_WARN_OBJC_ROOT_CLASS = YES_ERROR;
				CLANG_WARN_QUOTED_INCLUDE_IN_FRAMEWORK_HEADER = YES;
				CLANG_WARN_RANGE_LOOP_ANALYSIS = YES;
				CLANG_WARN_STRICT_PROTOTYPES = YES;
				CLANG_WARN_SUSPICIOUS_MOVE = YES;
				CLANG_WARN_UNGUARDED_AVAILABILITY = YES_AGGRESSIVE;
				CLANG_WARN_UNREACHABLE_CODE = YES;
				CLANG_WARN__DUPLICATE_METHOD_MATCH = YES;
				COPY_PHASE_STRIP = NO;
				DEBUG_INFORMATION_FORMAT = "dwarf-with-dsym";
				ENABLE_NS_ASSERTIONS = NO;
				ENABLE_STRICT_OBJC_MSGSEND = YES;
				GCC_C_LANGUAGE_STANDARD = gnu11;
				GCC_NO_COMMON_BLOCKS = YES;
				GCC_WARN_64_TO_32_BIT_CONVERSION = YES;
				GCC_WARN_ABOUT_RETURN_TYPE = YES_ERROR;
				GCC_WARN_UNDECLARED_SELECTOR = YES;
				GCC_WARN_UNINITIALIZED_AUTOS = YES_AGGRESSIVE;
				GCC_WARN_UNUSED_FUNCTION = YES;
				GCC_WARN_UNUSED_VARIABLE = YES;
				IPHONEOS_DEPLOYMENT_TARGET = 16.1;
				MTL_ENABLE_DEBUG_INFO = NO;
				MTL_FAST_MATH = YES;
				SDKROOT = iphoneos;
				SWIFT_COMPILATION_MODE = wholemodule;
				SWIFT_OPTIMIZATION_LEVEL = "-O";
				VALIDATE_PRODUCT = YES;
			};
			name = Release;
		};
		05C3D1DB298BC4B5002B20D8 /* Debug */ = {
			isa = XCBuildConfiguration;
			buildSettings = {
				ASSETCATALOG_COMPILER_APPICON_NAME = AppIcon;
				ASSETCATALOG_COMPILER_GLOBAL_ACCENT_COLOR_NAME = AccentColor;
				CODE_SIGN_STYLE = Automatic;
				CURRENT_PROJECT_VERSION = 1;
				GENERATE_INFOPLIST_FILE = YES;
				INFOPLIST_FILE = TimeTracker/Info.plist;
				INFOPLIST_KEY_UIApplicationSupportsIndirectInputEvents = YES;
				INFOPLIST_KEY_UILaunchStoryboardName = LaunchScreen.storyboard;
				INFOPLIST_KEY_UISupportedInterfaceOrientations_iPad = "UIInterfaceOrientationPortrait UIInterfaceOrientationPortraitUpsideDown UIInterfaceOrientationLandscapeLeft UIInterfaceOrientationLandscapeRight";
				INFOPLIST_KEY_UISupportedInterfaceOrientations_iPhone = "UIInterfaceOrientationPortrait UIInterfaceOrientationLandscapeLeft UIInterfaceOrientationLandscapeRight";
				LD_RUNPATH_SEARCH_PATHS = (
					"$(inherited)",
					"@executable_path/Frameworks",
				);
				MARKETING_VERSION = 1.0;
				PRODUCT_BUNDLE_IDENTIFIER = com.assignment.TimeTracker;
				PRODUCT_NAME = "$(TARGET_NAME)";
				SWIFT_EMIT_LOC_STRINGS = YES;
				SWIFT_VERSION = 5.0;
				TARGETED_DEVICE_FAMILY = "1,2";
			};
			name = Debug;
		};
		05C3D1DC298BC4B5002B20D8 /* Release */ = {
			isa = XCBuildConfiguration;
			buildSettings = {
				ASSETCATALOG_COMPILER_APPICON_NAME = AppIcon;
				ASSETCATALOG_COMPILER_GLOBAL_ACCENT_COLOR_NAME = AccentColor;
				CODE_SIGN_STYLE = Automatic;
				CURRENT_PROJECT_VERSION = 1;
				GENERATE_INFOPLIST_FILE = YES;
				INFOPLIST_FILE = TimeTracker/Info.plist;
				INFOPLIST_KEY_UIApplicationSupportsIndirectInputEvents = YES;
				INFOPLIST_KEY_UILaunchStoryboardName = LaunchScreen.storyboard;
				INFOPLIST_KEY_UISupportedInterfaceOrientations_iPad = "UIInterfaceOrientationPortrait UIInterfaceOrientationPortraitUpsideDown UIInterfaceOrientationLandscapeLeft UIInterfaceOrientationLandscapeRight";
				INFOPLIST_KEY_UISupportedInterfaceOrientations_iPhone = "UIInterfaceOrientationPortrait UIInterfaceOrientationLandscapeLeft UIInterfaceOrientationLandscapeRight";
				LD_RUNPATH_SEARCH_PATHS = (
					"$(inherited)",
					"@executable_path/Frameworks",
				);
				MARKETING_VERSION = 1.0;
				PRODUCT_BUNDLE_IDENTIFIER = com.assignment.TimeTracker;
				PRODUCT_NAME = "$(TARGET_NAME)";
				SWIFT_EMIT_LOC_STRINGS = YES;
				SWIFT_VERSION = 5.0;
				TARGETED_DEVICE_FAMILY = "1,2";
			};
			name = Release;
		};
		05C3D1DE298BC4B5002B20D8 /* Debug */ = {
			isa = XCBuildConfiguration;
			buildSettings = {
				ALWAYS_EMBED_SWIFT_STANDARD_LIBRARIES = YES;
				BUNDLE_LOADER = "$(TEST_HOST)";
				CODE_SIGN_STYLE = Automatic;
				CURRENT_PROJECT_VERSION = 1;
				GENERATE_INFOPLIST_FILE = YES;
				IPHONEOS_DEPLOYMENT_TARGET = 16.1;
				MARKETING_VERSION = 1.0;
				PRODUCT_BUNDLE_IDENTIFIER = com.assignment.TimeTrackerTests;
				PRODUCT_NAME = "$(TARGET_NAME)";
				SWIFT_EMIT_LOC_STRINGS = NO;
				SWIFT_VERSION = 5.0;
				TARGETED_DEVICE_FAMILY = "1,2";
				TEST_HOST = "$(BUILT_PRODUCTS_DIR)/TimeTracker.app/$(BUNDLE_EXECUTABLE_FOLDER_PATH)/TimeTracker";
			};
			name = Debug;
		};
		05C3D1DF298BC4B5002B20D8 /* Release */ = {
			isa = XCBuildConfiguration;
			buildSettings = {
				ALWAYS_EMBED_SWIFT_STANDARD_LIBRARIES = YES;
				BUNDLE_LOADER = "$(TEST_HOST)";
				CODE_SIGN_STYLE = Automatic;
				CURRENT_PROJECT_VERSION = 1;
				GENERATE_INFOPLIST_FILE = YES;
				IPHONEOS_DEPLOYMENT_TARGET = 16.1;
				MARKETING_VERSION = 1.0;
				PRODUCT_BUNDLE_IDENTIFIER = com.assignment.TimeTrackerTests;
				PRODUCT_NAME = "$(TARGET_NAME)";
				SWIFT_EMIT_LOC_STRINGS = NO;
				SWIFT_VERSION = 5.0;
				TARGETED_DEVICE_FAMILY = "1,2";
				TEST_HOST = "$(BUILT_PRODUCTS_DIR)/TimeTracker.app/$(BUNDLE_EXECUTABLE_FOLDER_PATH)/TimeTracker";
			};
			name = Release;
		};
/* End XCBuildConfiguration section */

/* Begin XCConfigurationList section */
		05C3D1AB298BC4B4002B20D8 /* Build configuration list for PBXProject "TimeTracker" */ = {
			isa = XCConfigurationList;
			buildConfigurations = (
				05C3D1D8298BC4B5002B20D8 /* Debug */,
				05C3D1D9298BC4B5002B20D8 /* Release */,
			);
			defaultConfigurationIsVisible = 0;
			defaultConfigurationName = Release;
		};
		05C3D1DA298BC4B5002B20D8 /* Build configuration list for PBXNativeTarget "TimeTracker" */ = {
			isa = XCConfigurationList;
			buildConfigurations = (
				05C3D1DB298BC4B5002B20D8 /* Debug */,
				05C3D1DC298BC4B5002B20D8 /* Release */,
			);
			defaultConfigurationIsVisible = 0;
			defaultConfigurationName = Release;
		};
		05C3D1DD298BC4B5002B20D8 /* Build configuration list for PBXNativeTarget "TimeTrackerTests" */ = {
			isa = XCConfigurationList;
			buildConfigurations = (
				05C3D1DE298BC4B5002B20D8 /* Debug */,
				05C3D1DF298BC4B5002B20D8 /* Release */,
			);
			defaultConfigurationIsVisible = 0;
			defaultConfigurationName = Release;
		};
/* End XCConfigurationList section */
	};
	rootObject = 05C3D1A8298BC4B4002B20D8 /* Project object */;
}
